# Code generated by scarb DO NOT EDIT.
version = 1

[[package]]
name = "garaga"
version = "0.1.0"
source = "git+https://github.com/keep-starknet-strange/garaga.git?tag=v0.13.3#c80fb9bd79cdc497ef34faa6e2a620fb678e7dac"

[[package]]
name = "snforge_scarb_plugin"
version = "0.31.0"
source = "git+https://github.com/foundry-rs/starknet-foundry.git?tag=v0.31.0#72ea785ca354e9e506de3e5d687da9fb2c1b3c67"

[[package]]
name = "snforge_std"
version = "0.31.0"
source = "git+https://github.com/foundry-rs/starknet-foundry.git?tag=v0.31.0#72ea785ca354e9e506de3e5d687da9fb2c1b3c67"
dependencies = [
 "snforge_scarb_plugin",
]

[[package]]
name = "sumo"
version = "0.1.0"
dependencies = [
 "garaga",
 "snforge_std",
]
