# Code generated by scarb DO NOT EDIT.
version = 1

[[package]]
name = "garaga"
version = "0.1.0"
source = "git+https://github.com/keep-starknet-strange/garaga.git?tag=v0.13.3#c80fb9bd79cdc497ef34faa6e2a620fb678e7dac"

[[package]]
name = "universal_ecip"
version = "0.1.0"
dependencies = [
 "garaga",
]
